// !$*UTF8*$!
{
	archiveVersion = 1;
	classes = {
	};
	objectVersion = 56;
	objects = {

/* Begin PBXBuildFile section */
		E915773529AF896C00E719FC /* TweetView.swift in Sources */ = {isa = PBXBuildFile; fileRef = E915773429AF896C00E719FC /* TweetView.swift */; };
		E915773729AF89AC00E719FC /* TweetMain.swift in Sources */ = {isa = PBXBuildFile; fileRef = E915773629AF89AC00E719FC /* TweetMain.swift */; };
		E915773929AF89B700E719FC /* TweetResponse.swift in Sources */ = {isa = PBXBuildFile; fileRef = E915773829AF89B700E719FC /* TweetResponse.swift */; };
		E915773B29AF89C500E719FC /* TweetReply.swift in Sources */ = {isa = PBXBuildFile; fileRef = E915773A29AF89C500E719FC /* TweetReply.swift */; };
		E915773D29AF8D5100E719FC /* TweetButtons.swift in Sources */ = {isa = PBXBuildFile; fileRef = E915773C29AF8D5100E719FC /* TweetButtons.swift */; };
		E915773F29AF9A2900E719FC /* PrivateMessages.swift in Sources */ = {isa = PBXBuildFile; fileRef = E915773E29AF9A2900E719FC /* PrivateMessages.swift */; };
		E915774129AF9A7E00E719FC /* PrivMsgEntry.swift in Sources */ = {isa = PBXBuildFile; fileRef = E915774029AF9A7E00E719FC /* PrivMsgEntry.swift */; };
		E915774329AF9C6300E719FC /* MessageButton.swift in Sources */ = {isa = PBXBuildFile; fileRef = E915774229AF9C6300E719FC /* MessageButton.swift */; };
		E915774529AF9D2500E719FC /* MessageHeader.swift in Sources */ = {isa = PBXBuildFile; fileRef = E915774429AF9D2500E719FC /* MessageHeader.swift */; };
		E937440D29AE429500CCD322 /* TwitterUIApp.swift in Sources */ = {isa = PBXBuildFile; fileRef = E937440C29AE429500CCD322 /* TwitterUIApp.swift */; };
		E937440F29AE429500CCD322 /* ContentView.swift in Sources */ = {isa = PBXBuildFile; fileRef = E937440E29AE429500CCD322 /* ContentView.swift */; };
		E937441129AE429500CCD322 /* Assets.xcassets in Resources */ = {isa = PBXBuildFile; fileRef = E937441029AE429500CCD322 /* Assets.xcassets */; };
		E937441429AE429500CCD322 /* Preview Assets.xcassets in Resources */ = {isa = PBXBuildFile; fileRef = E937441329AE429500CCD322 /* Preview Assets.xcassets */; };
		E937441D29AE4D5500CCD322 /* Header.swift in Sources */ = {isa = PBXBuildFile; fileRef = E937441C29AE4D5500CCD322 /* Header.swift */; };
		E937441F29AE4EE500CCD322 /* Post.swift in Sources */ = {isa = PBXBuildFile; fileRef = E937441E29AE4EE500CCD322 /* Post.swift */; };
		E937442129AE546D00CCD322 /* PostButtons.swift in Sources */ = {isa = PBXBuildFile; fileRef = E937442029AE546D00CCD322 /* PostButtons.swift */; };
		E937442329AE589D00CCD322 /* HomeView.swift in Sources */ = {isa = PBXBuildFile; fileRef = E937442229AE589D00CCD322 /* HomeView.swift */; };
		E937442529AE5C8600CCD322 /* AddCircle.swift in Sources */ = {isa = PBXBuildFile; fileRef = E937442429AE5C8600CCD322 /* AddCircle.swift */; };
		E937442729AE67DF00CCD322 /* SearchHeader.swift in Sources */ = {isa = PBXBuildFile; fileRef = E937442629AE67DF00CCD322 /* SearchHeader.swift */; };
		E937442929AE6ACF00CCD322 /* SearchCategories.swift in Sources */ = {isa = PBXBuildFile; fileRef = E937442829AE6ACF00CCD322 /* SearchCategories.swift */; };
		E937442B29AE6F4500CCD322 /* SearchingBanner.swift in Sources */ = {isa = PBXBuildFile; fileRef = E937442A29AE6F4500CCD322 /* SearchingBanner.swift */; };
		E937442D29AE71A300CCD322 /* TrendingEntry.swift in Sources */ = {isa = PBXBuildFile; fileRef = E937442C29AE71A300CCD322 /* TrendingEntry.swift */; };
		E937442F29AE762A00CCD322 /* SearchView.swift in Sources */ = {isa = PBXBuildFile; fileRef = E937442E29AE762A00CCD322 /* SearchView.swift */; };
/* End PBXBuildFile section */

/* Begin PBXFileReference section */
		E915773429AF896C00E719FC /* TweetView.swift */ = {isa = PBXFileReference; lastKnownFileType = sourcecode.swift; path = TweetView.swift; sourceTree = "<group>"; };
		E915773629AF89AC00E719FC /* TweetMain.swift */ = {isa = PBXFileReference; lastKnownFileType = sourcecode.swift; path = TweetMain.swift; sourceTree = "<group>"; };
		E915773829AF89B700E719FC /* TweetResponse.swift */ = {isa = PBXFileReference; lastKnownFileType = sourcecode.swift; path = TweetResponse.swift; sourceTree = "<group>"; };
		E915773A29AF89C500E719FC /* TweetReply.swift */ = {isa = PBXFileReference; lastKnownFileType = sourcecode.swift; path = TweetReply.swift; sourceTree = "<group>"; };
		E915773C29AF8D5100E719FC /* TweetButtons.swift */ = {isa = PBXFileReference; lastKnownFileType = sourcecode.swift; path = TweetButtons.swift; sourceTree = "<group>"; };
		E915773E29AF9A2900E719FC /* PrivateMessages.swift */ = {isa = PBXFileReference; lastKnownFileType = sourcecode.swift; path = PrivateMessages.swift; sourceTree = "<group>"; };
		E915774029AF9A7E00E719FC /* PrivMsgEntry.swift */ = {isa = PBXFileReference; lastKnownFileType = sourcecode.swift; path = PrivMsgEntry.swift; sourceTree = "<group>"; };
		E915774229AF9C6300E719FC /* MessageButton.swift */ = {isa = PBXFileReference; lastKnownFileType = sourcecode.swift; path = MessageButton.swift; sourceTree = "<group>"; };
		E915774429AF9D2500E719FC /* MessageHeader.swift */ = {isa = PBXFileReference; lastKnownFileType = sourcecode.swift; path = MessageHeader.swift; sourceTree = "<group>"; };
		E937440929AE429500CCD322 /* TwitterUI.app */ = {isa = PBXFileReference; explicitFileType = wrapper.application; includeInIndex = 0; path = TwitterUI.app; sourceTree = BUILT_PRODUCTS_DIR; };
		E937440C29AE429500CCD322 /* TwitterUIApp.swift */ = {isa = PBXFileReference; lastKnownFileType = sourcecode.swift; path = TwitterUIApp.swift; sourceTree = "<group>"; };
		E937440E29AE429500CCD322 /* ContentView.swift */ = {isa = PBXFileReference; lastKnownFileType = sourcecode.swift; path = ContentView.swift; sourceTree = "<group>"; };
		E937441029AE429500CCD322 /* Assets.xcassets */ = {isa = PBXFileReference; lastKnownFileType = folder.assetcatalog; path = Assets.xcassets; sourceTree = "<group>"; };
		E937441329AE429500CCD322 /* Preview Assets.xcassets */ = {isa = PBXFileReference; lastKnownFileType = folder.assetcatalog; path = "Preview Assets.xcassets"; sourceTree = "<group>"; };
		E937441C29AE4D5500CCD322 /* Header.swift */ = {isa = PBXFileReference; lastKnownFileType = sourcecode.swift; path = Header.swift; sourceTree = "<group>"; };
		E937441E29AE4EE500CCD322 /* Post.swift */ = {isa = PBXFileReference; lastKnownFileType = sourcecode.swift; path = Post.swift; sourceTree = "<group>"; };
		E937442029AE546D00CCD322 /* PostButtons.swift */ = {isa = PBXFileReference; lastKnownFileType = sourcecode.swift; path = PostButtons.swift; sourceTree = "<group>"; };
		E937442229AE589D00CCD322 /* HomeView.swift */ = {isa = PBXFileReference; lastKnownFileType = sourcecode.swift; path = HomeView.swift; sourceTree = "<group>"; };
		E937442429AE5C8600CCD322 /* AddCircle.swift */ = {isa = PBXFileReference; lastKnownFileType = sourcecode.swift; path = AddCircle.swift; sourceTree = "<group>"; };
		E937442629AE67DF00CCD322 /* SearchHeader.swift */ = {isa = PBXFileReference; lastKnownFileType = sourcecode.swift; path = SearchHeader.swift; sourceTree = "<group>"; };
		E937442829AE6ACF00CCD322 /* SearchCategories.swift */ = {isa = PBXFileReference; lastKnownFileType = sourcecode.swift; path = SearchCategories.swift; sourceTree = "<group>"; };
		E937442A29AE6F4500CCD322 /* SearchingBanner.swift */ = {isa = PBXFileReference; lastKnownFileType = sourcecode.swift; path = SearchingBanner.swift; sourceTree = "<group>"; };
		E937442C29AE71A300CCD322 /* TrendingEntry.swift */ = {isa = PBXFileReference; lastKnownFileType = sourcecode.swift; path = TrendingEntry.swift; sourceTree = "<group>"; };
		E937442E29AE762A00CCD322 /* SearchView.swift */ = {isa = PBXFileReference; lastKnownFileType = sourcecode.swift; path = SearchView.swift; sourceTree = "<group>"; };
/* End PBXFileReference section */

/* Begin PBXFrameworksBuildPhase section */
		E937440629AE429500CCD322 /* Frameworks */ = {
			isa = PBXFrameworksBuildPhase;
			buildActionMask = 2147483647;
			files = (
			);
			runOnlyForDeploymentPostprocessing = 0;
		};
/* End PBXFrameworksBuildPhase section */

/* Begin PBXGroup section */
		E937440029AE429500CCD322 = {
			isa = PBXGroup;
			children = (
				E937440B29AE429500CCD322 /* TwitterUI */,
				E937440A29AE429500CCD322 /* Products */,
			);
			sourceTree = "<group>";
		};
		E937440A29AE429500CCD322 /* Products */ = {
			isa = PBXGroup;
			children = (
				E937440929AE429500CCD322 /* TwitterUI.app */,
			);
			name = Products;
			sourceTree = "<group>";
		};
		E937440B29AE429500CCD322 /* TwitterUI */ = {
			isa = PBXGroup;
			children = (
				E937441B29AE4D4700CCD322 /* Views */,
				E937441A29AE4CA700CCD322 /* Components */,
				E937440C29AE429500CCD322 /* TwitterUIApp.swift */,
				E937440E29AE429500CCD322 /* ContentView.swift */,
				E937441029AE429500CCD322 /* Assets.xcassets */,
				E937441229AE429500CCD322 /* Preview Content */,
			);
			path = TwitterUI;
			sourceTree = "<group>";
		};
		E937441229AE429500CCD322 /* Preview Content */ = {
			isa = PBXGroup;
			children = (
				E937441329AE429500CCD322 /* Preview Assets.xcassets */,
			);
			path = "Preview Content";
			sourceTree = "<group>";
		};
		E937441A29AE4CA700CCD322 /* Components */ = {
			isa = PBXGroup;
			children = (
				E937441C29AE4D5500CCD322 /* Header.swift */,
				E937441E29AE4EE500CCD322 /* Post.swift */,
				E937442029AE546D00CCD322 /* PostButtons.swift */,
				E937442429AE5C8600CCD322 /* AddCircle.swift */,
				E937442629AE67DF00CCD322 /* SearchHeader.swift */,
				E937442829AE6ACF00CCD322 /* SearchCategories.swift */,
				E937442A29AE6F4500CCD322 /* SearchingBanner.swift */,
				E937442C29AE71A300CCD322 /* TrendingEntry.swift */,
				E915773629AF89AC00E719FC /* TweetMain.swift */,
				E915773829AF89B700E719FC /* TweetResponse.swift */,
				E915773A29AF89C500E719FC /* TweetReply.swift */,
				E915773C29AF8D5100E719FC /* TweetButtons.swift */,
				E915774029AF9A7E00E719FC /* PrivMsgEntry.swift */,
				E915774229AF9C6300E719FC /* MessageButton.swift */,
				E915774429AF9D2500E719FC /* MessageHeader.swift */,
			);
			path = Components;
			sourceTree = "<group>";
		};
		E937441B29AE4D4700CCD322 /* Views */ = {
			isa = PBXGroup;
			children = (
				E937442229AE589D00CCD322 /* HomeView.swift */,
				E937442E29AE762A00CCD322 /* SearchView.swift */,
				E915773429AF896C00E719FC /* TweetView.swift */,
				E915773E29AF9A2900E719FC /* PrivateMessages.swift */,
			);
			path = Views;
			sourceTree = "<group>";
		};
/* End PBXGroup section */

/* Begin PBXNativeTarget section */
		E937440829AE429500CCD322 /* TwitterUI */ = {
			isa = PBXNativeTarget;
			buildConfigurationList = E937441729AE429500CCD322 /* Build configuration list for PBXNativeTarget "TwitterUI" */;
			buildPhases = (
				E937440529AE429500CCD322 /* Sources */,
				E937440629AE429500CCD322 /* Frameworks */,
				E937440729AE429500CCD322 /* Resources */,
			);
			buildRules = (
			);
			dependencies = (
			);
			name = TwitterUI;
			productName = TwitterUI;
			productReference = E937440929AE429500CCD322 /* TwitterUI.app */;
			productType = "com.apple.product-type.application";
		};
/* End PBXNativeTarget section */

/* Begin PBXProject section */
		E937440129AE429500CCD322 /* Project object */ = {
			isa = PBXProject;
			attributes = {
				BuildIndependentTargetsInParallel = 1;
				LastSwiftUpdateCheck = 1420;
				LastUpgradeCheck = 1420;
				TargetAttributes = {
					E937440829AE429500CCD322 = {
						CreatedOnToolsVersion = 14.2;
					};
				};
			};
			buildConfigurationList = E937440429AE429500CCD322 /* Build configuration list for PBXProject "TwitterUI" */;
			compatibilityVersion = "Xcode 14.0";
			developmentRegion = en;
			hasScannedForEncodings = 0;
			knownRegions = (
				en,
				Base,
			);
			mainGroup = E937440029AE429500CCD322;
			productRefGroup = E937440A29AE429500CCD322 /* Products */;
			projectDirPath = "";
			projectRoot = "";
			targets = (
				E937440829AE429500CCD322 /* TwitterUI */,
			);
		};
/* End PBXProject section */

/* Begin PBXResourcesBuildPhase section */
		E937440729AE429500CCD322 /* Resources */ = {
			isa = PBXResourcesBuildPhase;
			buildActionMask = 2147483647;
			files = (
				E937441429AE429500CCD322 /* Preview Assets.xcassets in Resources */,
				E937441129AE429500CCD322 /* Assets.xcassets in Resources */,
			);
			runOnlyForDeploymentPostprocessing = 0;
		};
/* End PBXResourcesBuildPhase section */

/* Begin PBXSourcesBuildPhase section */
		E937440529AE429500CCD322 /* Sources */ = {
			isa = PBXSourcesBuildPhase;
			buildActionMask = 2147483647;
			files = (
				E915773B29AF89C500E719FC /* TweetReply.swift in Sources */,
				E937440F29AE429500CCD322 /* ContentView.swift in Sources */,
				E915774529AF9D2500E719FC /* MessageHeader.swift in Sources */,
				E937441D29AE4D5500CCD322 /* Header.swift in Sources */,
				E915773529AF896C00E719FC /* TweetView.swift in Sources */,
				E937442B29AE6F4500CCD322 /* SearchingBanner.swift in Sources */,
				E915774129AF9A7E00E719FC /* PrivMsgEntry.swift in Sources */,
				E915773729AF89AC00E719FC /* TweetMain.swift in Sources */,
				E915774329AF9C6300E719FC /* MessageButton.swift in Sources */,
				E937441F29AE4EE500CCD322 /* Post.swift in Sources */,
				E937442F29AE762A00CCD322 /* SearchView.swift in Sources */,
				E937442329AE589D00CCD322 /* HomeView.swift in Sources */,
				E915773929AF89B700E719FC /* TweetResponse.swift in Sources */,
				E937442729AE67DF00CCD322 /* SearchHeader.swift in Sources */,
				E915773F29AF9A2900E719FC /* PrivateMessages.swift in Sources */,
				E937442129AE546D00CCD322 /* PostButtons.swift in Sources */,
				E937440D29AE429500CCD322 /* TwitterUIApp.swift in Sources */,
				E915773D29AF8D5100E719FC /* TweetButtons.swift in Sources */,
				E937442529AE5C8600CCD322 /* AddCircle.swift in Sources */,
				E937442929AE6ACF00CCD322 /* SearchCategories.swift in Sources */,
				E937442D29AE71A300CCD322 /* TrendingEntry.swift in Sources */,
			);
			runOnlyForDeploymentPostprocessing = 0;
		};
/* End PBXSourcesBuildPhase section */

/* Begin XCBuildConfiguration section */
		E937441529AE429500CCD322 /* Debug */ = {
			isa = XCBuildConfiguration;
			buildSettings = {
				ALWAYS_SEARCH_USER_PATHS = NO;
				CLANG_ANALYZER_NONNULL = YES;
				CLANG_ANALYZER_NUMBER_OBJECT_CONVERSION = YES_AGGRESSIVE;
				CLANG_CXX_LANGUAGE_STANDARD = "gnu++20";
				CLANG_ENABLE_MODULES = YES;
				CLANG_ENABLE_OBJC_ARC = YES;
				CLANG_ENABLE_OBJC_WEAK = YES;
				CLANG_WARN_BLOCK_CAPTURE_AUTORELEASING = YES;
				CLANG_WARN_BOOL_CONVERSION = YES;
				CLANG_WARN_COMMA = YES;
				CLANG_WARN_CONSTANT_CONVERSION = YES;
				CLANG_WARN_DEPRECATED_OBJC_IMPLEMENTATIONS = YES;
				CLANG_WARN_DIRECT_OBJC_ISA_USAGE = YES_ERROR;
				CLANG_WARN_DOCUMENTATION_COMMENTS = YES;
				CLANG_WARN_EMPTY_BODY = YES;
				CLANG_WARN_ENUM_CONVERSION = YES;
				CLANG_WARN_INFINITE_RECURSION = YES;
				CLANG_WARN_INT_CONVERSION = YES;
				CLANG_WARN_NON_LITERAL_NULL_CONVERSION = YES;
				CLANG_WARN_OBJC_IMPLICIT_RETAIN_SELF = YES;
				CLANG_WARN_OBJC_LITERAL_CONVERSION = YES;
				CLANG_WARN_OBJC_ROOT_CLASS = YES_ERROR;
				CLANG_WARN_QUOTED_INCLUDE_IN_FRAMEWORK_HEADER = YES;
				CLANG_WARN_RANGE_LOOP_ANALYSIS = YES;
				CLANG_WARN_STRICT_PROTOTYPES = YES;
				CLANG_WARN_SUSPICIOUS_MOVE = YES;
				CLANG_WARN_UNGUARDED_AVAILABILITY = YES_AGGRESSIVE;
				CLANG_WARN_UNREACHABLE_CODE = YES;
				CLANG_WARN__DUPLICATE_METHOD_MATCH = YES;
				COPY_PHASE_STRIP = NO;
				DEBUG_INFORMATION_FORMAT = dwarf;
				ENABLE_STRICT_OBJC_MSGSEND = YES;
				ENABLE_TESTABILITY = YES;
				GCC_C_LANGUAGE_STANDARD = gnu11;
				GCC_DYNAMIC_NO_PIC = NO;
				GCC_NO_COMMON_BLOCKS = YES;
				GCC_OPTIMIZATION_LEVEL = 0;
				GCC_PREPROCESSOR_DEFINITIONS = (
					"DEBUG=1",
					"$(inherited)",
				);
				GCC_WARN_64_TO_32_BIT_CONVERSION = YES;
				GCC_WARN_ABOUT_RETURN_TYPE = YES_ERROR;
				GCC_WARN_UNDECLARED_SELECTOR = YES;
				GCC_WARN_UNINITIALIZED_AUTOS = YES_AGGRESSIVE;
				GCC_WARN_UNUSED_FUNCTION = YES;
				GCC_WARN_UNUSED_VARIABLE = YES;
				IPHONEOS_DEPLOYMENT_TARGET = 16.2;
				MTL_ENABLE_DEBUG_INFO = INCLUDE_SOURCE;
				MTL_FAST_MATH = YES;
				ONLY_ACTIVE_ARCH = YES;
				SDKROOT = iphoneos;
				SWIFT_ACTIVE_COMPILATION_CONDITIONS = DEBUG;
				SWIFT_OPTIMIZATION_LEVEL = "-Onone";
			};
			name = Debug;
		};
		E937441629AE429500CCD322 /* Release */ = {
			isa = XCBuildConfiguration;
			buildSettings = {
				ALWAYS_SEARCH_USER_PATHS = NO;
				CLANG_ANALYZER_NONNULL = YES;
				CLANG_ANALYZER_NUMBER_OBJECT_CONVERSION = YES_AGGRESSIVE;
				CLANG_CXX_LANGUAGE_STANDARD = "gnu++20";
				CLANG_ENABLE_MODULES = YES;
				CLANG_ENABLE_OBJC_ARC = YES;
				CLANG_ENABLE_OBJC_WEAK = YES;
				CLANG_WARN_BLOCK_CAPTURE_AUTORELEASING = YES;
				CLANG_WARN_BOOL_CONVERSION = YES;
				CLANG_WARN_COMMA = YES;
				CLANG_WARN_CONSTANT_CONVERSION = YES;
				CLANG_WARN_DEPRECATED_OBJC_IMPLEMENTATIONS = YES;
				CLANG_WARN_DIRECT_OBJC_ISA_USAGE = YES_ERROR;
				CLANG_WARN_DOCUMENTATION_COMMENTS = YES;
				CLANG_WARN_EMPTY_BODY = YES;
				CLANG_WARN_ENUM_CONVERSION = YES;
				CLANG_WARN_INFINITE_RECURSION = YES;
				CLANG_WARN_INT_CONVERSION = YES;
				CLANG_WARN_NON_LITERAL_NULL_CONVERSION = YES;
				CLANG_WARN_OBJC_IMPLICIT_RETAIN_SELF = YES;
				CLANG_WARN_OBJC_LITERAL_CONVERSION = YES;
				CLANG_WARN_OBJC_ROOT_CLASS = YES_ERROR;
				CLANG_WARN_QUOTED_INCLUDE_IN_FRAMEWORK_HEADER = YES;
				CLANG_WARN_RANGE_LOOP_ANALYSIS = YES;
				CLANG_WARN_STRICT_PROTOTYPES = YES;
				CLANG_WARN_SUSPICIOUS_MOVE = YES;
				CLANG_WARN_UNGUARDED_AVAILABILITY = YES_AGGRESSIVE;
				CLANG_WARN_UNREACHABLE_CODE = YES;
				CLANG_WARN__DUPLICATE_METHOD_MATCH = YES;
				COPY_PHASE_STRIP = NO;
				DEBUG_INFORMATION_FORMAT = "dwarf-with-dsym";
				ENABLE_NS_ASSERTIONS = NO;
				ENABLE_STRICT_OBJC_MSGSEND = YES;
				GCC_C_LANGUAGE_STANDARD = gnu11;
				GCC_NO_COMMON_BLOCKS = YES;
				GCC_WARN_64_TO_32_BIT_CONVERSION = YES;
				GCC_WARN_ABOUT_RETURN_TYPE = YES_ERROR;
				GCC_WARN_UNDECLARED_SELECTOR = YES;
				GCC_WARN_UNINITIALIZED_AUTOS = YES_AGGRESSIVE;
				GCC_WARN_UNUSED_FUNCTION = YES;
				GCC_WARN_UNUSED_VARIABLE = YES;
				IPHONEOS_DEPLOYMENT_TARGET = 16.2;
				MTL_ENABLE_DEBUG_INFO = NO;
				MTL_FAST_MATH = YES;
				SDKROOT = iphoneos;
				SWIFT_COMPILATION_MODE = wholemodule;
				SWIFT_OPTIMIZATION_LEVEL = "-O";
				VALIDATE_PRODUCT = YES;
			};
			name = Release;
		};
		E937441829AE429500CCD322 /* Debug */ = {
			isa = XCBuildConfiguration;
			buildSettings = {
				ASSETCATALOG_COMPILER_APPICON_NAME = AppIcon;
				ASSETCATALOG_COMPILER_GLOBAL_ACCENT_COLOR_NAME = AccentColor;
				CODE_SIGN_STYLE = Automatic;
				CURRENT_PROJECT_VERSION = 1;
				DEVELOPMENT_ASSET_PATHS = "\"TwitterUI/Preview Content\"";
				DEVELOPMENT_TEAM = 4Q8A93T347;
				ENABLE_PREVIEWS = YES;
				GENERATE_INFOPLIST_FILE = YES;
				INFOPLIST_KEY_UIApplicationSceneManifest_Generation = YES;
				INFOPLIST_KEY_UIApplicationSupportsIndirectInputEvents = YES;
				INFOPLIST_KEY_UILaunchScreen_Generation = YES;
				INFOPLIST_KEY_UISupportedInterfaceOrientations_iPad = "UIInterfaceOrientationPortrait UIInterfaceOrientationPortraitUpsideDown UIInterfaceOrientationLandscapeLeft UIInterfaceOrientationLandscapeRight";
				INFOPLIST_KEY_UISupportedInterfaceOrientations_iPhone = "UIInterfaceOrientationPortrait UIInterfaceOrientationLandscapeLeft UIInterfaceOrientationLandscapeRight";
				LD_RUNPATH_SEARCH_PATHS = (
					"$(inherited)",
					"@executable_path/Frameworks",
				);
				MARKETING_VERSION = 1.0;
				PRODUCT_BUNDLE_IDENTIFIER = me.wojtkowiak.bartosz.TwitterUI;
				PRODUCT_NAME = "$(TARGET_NAME)";
				SWIFT_EMIT_LOC_STRINGS = YES;
				SWIFT_VERSION = 5.0;
				TARGETED_DEVICE_FAMILY = "1,2";
			};
			name = Debug;
		};
		E937441929AE429500CCD322 /* Release */ = {
			isa = XCBuildConfiguration;
			buildSettings = {
				ASSETCATALOG_COMPILER_APPICON_NAME = AppIcon;
				ASSETCATALOG_COMPILER_GLOBAL_ACCENT_COLOR_NAME = AccentColor;
				CODE_SIGN_STYLE = Automatic;
				CURRENT_PROJECT_VERSION = 1;
				DEVELOPMENT_ASSET_PATHS = "\"TwitterUI/Preview Content\"";
				DEVELOPMENT_TEAM = 4Q8A93T347;
				ENABLE_PREVIEWS = YES;
				GENERATE_INFOPLIST_FILE = YES;
				INFOPLIST_KEY_UIApplicationSceneManifest_Generation = YES;
				INFOPLIST_KEY_UIApplicationSupportsIndirectInputEvents = YES;
				INFOPLIST_KEY_UILaunchScreen_Generation = YES;
				INFOPLIST_KEY_UISupportedInterfaceOrientations_iPad = "UIInterfaceOrientationPortrait UIInterfaceOrientationPortraitUpsideDown UIInterfaceOrientationLandscapeLeft UIInterfaceOrientationLandscapeRight";
				INFOPLIST_KEY_UISupportedInterfaceOrientations_iPhone = "UIInterfaceOrientationPortrait UIInterfaceOrientationLandscapeLeft UIInterfaceOrientationLandscapeRight";
				LD_RUNPATH_SEARCH_PATHS = (
					"$(inherited)",
					"@executable_path/Frameworks",
				);
				MARKETING_VERSION = 1.0;
				PRODUCT_BUNDLE_IDENTIFIER = me.wojtkowiak.bartosz.TwitterUI;
				PRODUCT_NAME = "$(TARGET_NAME)";
				SWIFT_EMIT_LOC_STRINGS = YES;
				SWIFT_VERSION = 5.0;
				TARGETED_DEVICE_FAMILY = "1,2";
			};
			name = Release;
		};
/* End XCBuildConfiguration section */

/* Begin XCConfigurationList section */
		E937440429AE429500CCD322 /* Build configuration list for PBXProject "TwitterUI" */ = {
			isa = XCConfigurationList;
			buildConfigurations = (
				E937441529AE429500CCD322 /* Debug */,
				E937441629AE429500CCD322 /* Release */,
			);
			defaultConfigurationIsVisible = 0;
			defaultConfigurationName = Release;
		};
		E937441729AE429500CCD322 /* Build configuration list for PBXNativeTarget "TwitterUI" */ = {
			isa = XCConfigurationList;
			buildConfigurations = (
				E937441829AE429500CCD322 /* Debug */,
				E937441929AE429500CCD322 /* Release */,
			);
			defaultConfigurationIsVisible = 0;
			defaultConfigurationName = Release;
		};
/* End XCConfigurationList section */
	};
	rootObject = E937440129AE429500CCD322 /* Project object */;
}
